# This file is automatically @generated by Cargo.
# It is not intended for manual editing.
version = 3

[[package]]
name = "kairo"
version = "0.0.0"

[[package]]
name = "kairo-amend"
version = "0.0.0"

[[package]]
name = "kairo-analys"
version = "0.0.0"

[[package]]
name = "kairo-apply"
version = "0.0.0"

[[package]]
name = "kairo-assign"
version = "0.0.0"

[[package]]
name = "kairo-blame"
version = "0.0.0"

[[package]]
name = "kairo-branch"
version = "0.0.0"

[[package]]
name = "kairo-chat"
version = "0.0.0"

[[package]]
name = "kairo-clock"
version = "0.0.0"

[[package]]
name = "kairo-clone"
version = "0.0.0"

[[package]]
name = "kairo-code"
version = "0.0.0"

[[package]]
name = "kairo-commit"
version = "0.0.0"

[[package]]
name = "kairo-contact"
version = "0.0.0"

[[package]]
name = "kairo-dashboard"
version = "0.0.0"

[[package]]
name = "kairo-db"
version = "0.0.0"

[[package]]
name = "kairo-diff"
version = "0.0.0"

[[package]]
name = "kairo-email"
version = "0.0.0"

[[package]]
name = "kairo-fetch"
version = "0.0.0"

[[package]]
name = "kairo-graph"
version = "0.0.0"

[[package]]
name = "kairo-gui"
version = "0.0.0"

[[package]]
name = "kairo-init"
version = "0.0.0"

[[package]]
name = "kairo-invoice"
version = "0.0.0"

[[package]]
name = "kairo-iso"
version = "0.0.0"

[[package]]
name = "kairo-issues"
version = "0.0.0"

[[package]]
name = "kairo-keys"
version = "0.0.0"

[[package]]
name = "kairo-log"
version = "0.0.0"

[[package]]
name = "kairo-patch"
version = "0.0.0"

[[package]]
name = "kairo-perms"
version = "0.0.0"

[[package]]
name = "kairo-predict"
version = "0.0.0"

[[package]]
name = "kairo-progress"
version = "0.0.0"

[[package]]
name = "kairo-pull"
version = "0.0.0"

[[package]]
name = "kairo-rebase"
version = "0.0.0"

[[package]]
name = "kairo-remember"
version = "0.0.0"

[[package]]
name = "kairo-remote"
version = "0.1.0"

[[package]]
name = "kairo-reset"
version = "0.0.0"

[[package]]
name = "kairo-resolve"
version = "0.0.0"

[[package]]
name = "kairo-restore"
version = "0.0.0"

[[package]]
name = "kairo-revert"
version = "0.0.0"

[[package]]
name = "kairo-review"
version = "0.0.0"

[[package]]
name = "kairo-rules"
version = "0.0.0"

[[package]]
name = "kairo-search"
version = "0.0.0"

[[package]]
name = "kairo-snapshot"
version = "0.0.0"

[[package]]
name = "kairo-stats"
version = "0.0.0"

[[package]]
name = "kairo-status"
version = "0.0.0"

[[package]]
name = "kairo-storage"
version = "0.0.0"

[[package]]
name = "kairo-submit"
version = "0.0.0"

[[package]]
name = "kairo-todo"
version = "0.0.0"

[[package]]
name = "kairo-tree"
version = "0.1.0"

[[package]]
name = "kairo-visualize"
version = "0.0.0"

[[package]]
name = "kairo-web"
version = "0.0.0"

[[package]]
name = "kairo-work"
version = "0.0.0"

[[package]]
name = "teams"
version = "0.0.0"
