# This file is automatically @generated by Cargo.
# It is not intended for manual editing.
version = 3

[[package]]
name = "amend"
version = "0.1.0"

[[package]]
name = "analys"
version = "0.1.0"

[[package]]
name = "apply"
version = "0.1.0"

[[package]]
name = "assign"
version = "0.1.0"

[[package]]
name = "blame"
version = "0.1.0"

[[package]]
name = "board"
version = "0.1.0"

[[package]]
name = "branch"
version = "0.1.0"

[[package]]
name = "bug"
version = "0.1.0"

[[package]]
name = "chat"
version = "0.1.0"

[[package]]
name = "client"
version = "0.1.0"

[[package]]
name = "clock"
version = "0.1.0"

[[package]]
name = "clone"
version = "0.1.0"

[[package]]
name = "code"
version = "0.1.0"

[[package]]
name = "comment"
version = "0.1.0"

[[package]]
name = "commit"
version = "0.1.0"

[[package]]
name = "contact"
version = "0.1.0"

[[package]]
name = "customize"
version = "0.1.0"

[[package]]
name = "db"
version = "0.1.0"

[[package]]
name = "diff"
version = "0.1.0"

[[package]]
name = "due"
version = "0.1.0"

[[package]]
name = "email"
version = "0.1.0"

[[package]]
name = "fact"
version = "0.1.0"

[[package]]
name = "fetch"
version = "0.1.0"

[[package]]
name = "flow"
version = "0.1.0"

[[package]]
name = "graph"
version = "0.1.0"

[[package]]
name = "gui"
version = "0.1.0"

[[package]]
name = "init"
version = "0.1.0"

[[package]]
name = "iso"
version = "0.1.0"

[[package]]
name = "issues"
version = "0.1.0"

[[package]]
name = "key"
version = "0.1.0"

[[package]]
name = "log"
version = "0.1.0"

[[package]]
name = "mr"
version = "0.1.0"

[[package]]
name = "news"
version = "0.1.0"

[[package]]
name = "owner"
version = "0.1.0"

[[package]]
name = "patch"
version = "0.1.0"

[[package]]
name = "pay"
version = "0.1.0"

[[package]]
name = "perms"
version = "0.1.0"

[[package]]
name = "pr"
version = "0.1.0"

[[package]]
name = "predict"
version = "0.1.0"

[[package]]
name = "progress"
version = "0.1.0"

[[package]]
name = "pull"
version = "0.1.0"

[[package]]
name = "push"
version = "0.1.0"

[[package]]
name = "rebase"
version = "0.1.0"

[[package]]
name = "remember"
version = "0.1.0"

[[package]]
name = "repo"
version = "0.1.0"

[[package]]
name = "reset"
version = "0.1.0"

[[package]]
name = "resolve"
version = "0.1.0"

[[package]]
name = "restore"
version = "0.1.0"

[[package]]
name = "revert"
version = "0.1.0"

[[package]]
name = "review"
version = "0.1.0"

[[package]]
name = "rule"
version = "0.1.0"

[[package]]
name = "search"
version = "0.1.0"

[[package]]
name = "snap"
version = "0.1.0"

[[package]]
name = "stats"
version = "0.1.0"

[[package]]
name = "status"
version = "0.1.0"

[[package]]
name = "storage"
version = "0.1.0"

[[package]]
name = "submit"
version = "0.1.0"

[[package]]
name = "teams"
version = "0.1.0"

[[package]]
name = "todo"
version = "0.1.0"

[[package]]
name = "track"
version = "0.1.0"

[[package]]
name = "visualize"
version = "0.1.0"

[[package]]
name = "web"
version = "0.1.0"

[[package]]
name = "work"
version = "0.1.0"
